
Microsoft Visual Studio Solution File, Format Version 12.00
# Visual Studio Version 17
VisualStudioVersion = 17.8.34511.84
MinimumVisualStudioVersion = 10.0.40219.1
Project("{FAE04EC0-301F-11D3-BF4B-00C04F79EFBC}") = "FinalProject1", "FinalProject1\FinalProject1.csproj", "{8F0C43A0-2913-4349-87C2-DE477F840016}"
EndProject
Global
	GlobalSection(SolutionConfigurationPlatforms) = preSolution
		Debug|Any CPU = Debug|Any CPU
		Release|Any CPU = Release|Any CPU
	EndGlobalSection
	GlobalSection(ProjectConfigurationPlatforms) = postSolution
		{8F0C43A0-2913-4349-87C2-DE477F840016}.Debug|Any CPU.ActiveCfg = Debug|Any CPU
		{8F0C43A0-2913-4349-87C2-DE477F840016}.Debug|Any CPU.Build.0 = Debug|Any CPU
		{8F0C43A0-2913-4349-87C2-DE477F840016}.Release|Any CPU.ActiveCfg = Release|Any CPU
		{8F0C43A0-2913-4349-87C2-DE477F840016}.Release|Any CPU.Build.0 = Release|Any CPU
	EndGlobalSection
	GlobalSection(SolutionProperties) = preSolution
		HideSolutionNode = FALSE
	EndGlobalSection
	GlobalSection(ExtensibilityGlobals) = postSolution
		SolutionGuid = {F5799200-CC09-47A2-8B6E-55CA22BC9520}
	EndGlobalSection
EndGlobal
